github.com/JonasBorgesLM/crier/core v0.3.0 h1:Di9QjzQisNAnB5CHKZy0Aaa2BM+r60IDcYTOT8oxbZ4=
github.com/JonasBorgesLM/crier/core v0.3.0/go.mod h1:lQLrnt5MTokc7ryLVC6/czVGq4IrCFq14Yg/52Ms5Hk=
github.com/JonasBorgesLM/crier/exporters/otlp v0.1.0 h1:+pksTr4SWEDPp1NNweaRY/U8CngXRJUh78X/d6QiZrU=
github.com/JonasBorgesLM/crier/exporters/otlp v0.1.0/go.mod h1:nKY6UBrIUSBM6OQRzr2i4q6wOuFDum9smD9AOmYmboo=
github.com/JonasBorgesLM/crier/receivers/http v0.1.0 h1:RQX/gUiOiv/8j2KJjrQMH5Z5NGXQLKNGx0dkQLqLPVI=
github.com/JonasBorgesLM/crier/receivers/http v0.1.0/go.mod h1:V6QeWSohwcq+qWKcDZS9dgm4BLLMGIbesY1RyibJLFM=
github.com/JonasBorgesLM/moat v0.2.0 h1:4GWDJInGeIgLmdeUxzK2ckUT1WBBhffWyoZP5hSW0v0=
github.com/JonasBorgesLM/moat v0.2.0/go.mod h1:65xs3itYF+S7xsAZ32o0N7FvZj1564SDquOvmE2nD0o=
github.com/google/go-cmp v0.7.0 h1:wk8382ETsv4JYUZwIsn6YpYiWiBsYLSJiTsyBybVuN8=
github.com/google/go-cmp v0.7.0/go.mod h1:pXiqmnSA92OHEEa9HXL2W4E7lf9JzCmGVUdgjX3N/iU=
go.opentelemetry.io/proto/slim/otlp v1.10.0 h1:iR97Vs/ZDR+y9TfuP9b1XBtdPWeC+OMslIBmhcLU7jM=
go.opentelemetry.io/proto/slim/otlp v1.10.0/go.mod h1:lV9250stpjYLPNA5viFabIgP2QlUGRT1GdTgAf8SIUk=
google.golang.org/protobuf v1.36.12 h1:pJOKDDOyeXErUroCihFAd5LQuwXBSpVnKGrj5o/fwxc=
google.golang.org/protobuf v1.36.12/go.mod h1:HTf+CrKn2C3g5S8VImy6tdcUvCska2kB7j23XfzDpco=
