github.com/JonasBorgesLM/moat v0.2.0 h1:4GWDJInGeIgLmdeUxzK2ckUT1WBBhffWyoZP5hSW0v0=
github.com/JonasBorgesLM/moat v0.2.0/go.mod h1:65xs3itYF+S7xsAZ32o0N7FvZj1564SDquOvmE2nD0o=
github.com/google/go-cmp v0.7.0 h1:wk8382ETsv4JYUZwIsn6YpYiWiBsYLSJiTsyBybVuN8=
github.com/google/go-cmp v0.7.0/go.mod h1:pXiqmnSA92OHEEa9HXL2W4E7lf9JzCmGVUdgjX3N/iU=
go.opentelemetry.io/proto/slim/otlp v1.11.0 h1:zB37f+f99+y6UIZR4h7UpwbXd5kFNyip35U7GaJ/Jik=
go.opentelemetry.io/proto/slim/otlp v1.11.0/go.mod h1:mI3DeND+VXZuA4keqFPKDJ3BklwveYm1JqBcEWKDEOM=
google.golang.org/protobuf v1.36.11 h1:fV6ZwhNocDyBLK0dj+fg8ektcVegBBuEolpbTQyBNVE=
google.golang.org/protobuf v1.36.11/go.mod h1:HTf+CrKn2C3g5S8VImy6tdcUvCska2kB7j23XfzDpco=
