github.com/JonasBorgesLM/crier/core v0.1.0 h1:PerFBum5Qanx+kHrEx8CWY92x90hv1PDz8fDmp0MF58=
github.com/JonasBorgesLM/crier/core v0.1.0/go.mod h1:lQLrnt5MTokc7ryLVC6/czVGq4IrCFq14Yg/52Ms5Hk=
github.com/JonasBorgesLM/moat v0.2.0 h1:4GWDJInGeIgLmdeUxzK2ckUT1WBBhffWyoZP5hSW0v0=
github.com/JonasBorgesLM/moat v0.2.0/go.mod h1:65xs3itYF+S7xsAZ32o0N7FvZj1564SDquOvmE2nD0o=
